
Microsoft Visual Studio Solution File, Format Version 12.00
# Visual Studio Version 16
VisualStudioVersion = 16.0.30320.27
MinimumVisualStudioVersion = 10.0.40219.1
Project("{FAE04EC0-301F-11D3-BF4B-00C04F79EFBC}") = "CourseCatalog", "CourseCatalog\CourseCatalog.csproj", "{C91E2DC1-BE85-489D-8265-15E519E8745E}"
EndProject
Global
	GlobalSection(SolutionConfigurationPlatforms) = preSolution
		Debug|Any CPU = Debug|Any CPU
		Release|Any CPU = Release|Any CPU
	EndGlobalSection
	GlobalSection(ProjectConfigurationPlatforms) = postSolution
		{C91E2DC1-BE85-489D-8265-15E519E8745E}.Debug|Any CPU.ActiveCfg = Debug|Any CPU
		{C91E2DC1-BE85-489D-8265-15E519E8745E}.Debug|Any CPU.Build.0 = Debug|Any CPU
		{C91E2DC1-BE85-489D-8265-15E519E8745E}.Release|Any CPU.ActiveCfg = Release|Any CPU
		{C91E2DC1-BE85-489D-8265-15E519E8745E}.Release|Any CPU.Build.0 = Release|Any CPU
	EndGlobalSection
	GlobalSection(SolutionProperties) = preSolution
		HideSolutionNode = FALSE
	EndGlobalSection
	GlobalSection(ExtensibilityGlobals) = postSolution
		SolutionGuid = {112A2C9E-50D7-47FA-9459-E22771330D68}
	EndGlobalSection
EndGlobal
